// !$*UTF8*$!
{
	archiveVersion = 1;
	classes = {
	};
	objectVersion = 46;
	objects = {

/* Begin PBXBuildFile section */
		FC7477CE1C84BFBD00758718 /* AppDelegate.swift in Sources */ = {isa = PBXBuildFile; fileRef = FC7477CD1C84BFBD00758718 /* AppDelegate.swift */; };
		FC7477D01C84BFBD00758718 /* ViewController.swift in Sources */ = {isa = PBXBuildFile; fileRef = FC7477CF1C84BFBD00758718 /* ViewController.swift */; };
		FC7477D31C84BFBD00758718 /* Main.storyboard in Resources */ = {isa = PBXBuildFile; fileRef = FC7477D11C84BFBD00758718 /* Main.storyboard */; };
		FC7477D51C84BFBD00758718 /* Assets.xcassets in Resources */ = {isa = PBXBuildFile; fileRef = FC7477D41C84BFBD00758718 /* Assets.xcassets */; };
		FC7477D81C84BFBD00758718 /* LaunchScreen.storyboard in Resources */ = {isa = PBXBuildFile; fileRef = FC7477D61C84BFBD00758718 /* LaunchScreen.storyboard */; };
		FC7477E01C84C27D00758718 /* RoundCorners.swift in Sources */ = {isa = PBXBuildFile; fileRef = FC7477DF1C84C27D00758718 /* RoundCorners.swift */; };
		FC7477E41C84CA5200758718 /* RoundCornersLabel.swift in Sources */ = {isa = PBXBuildFile; fileRef = FC7477E31C84CA5200758718 /* RoundCornersLabel.swift */; };
		FC7477E61C85041600758718 /* AboutVC.swift in Sources */ = {isa = PBXBuildFile; fileRef = FC7477E51C85041600758718 /* AboutVC.swift */; };
		FC7477E81C859D8600758718 /* PhotosVC.swift in Sources */ = {isa = PBXBuildFile; fileRef = FC7477E71C859D8600758718 /* PhotosVC.swift */; };
/* End PBXBuildFile section */

/* Begin PBXFileReference section */
		FC7477CA1C84BFBD00758718 /* Happy Valley.app */ = {isa = PBXFileReference; explicitFileType = wrapper.application; includeInIndex = 0; path = "Happy Valley.app"; sourceTree = BUILT_PRODUCTS_DIR; };
		FC7477CD1C84BFBD00758718 /* AppDelegate.swift */ = {isa = PBXFileReference; lastKnownFileType = sourcecode.swift; path = AppDelegate.swift; sourceTree = "<group>"; };
		FC7477CF1C84BFBD00758718 /* ViewController.swift */ = {isa = PBXFileReference; lastKnownFileType = sourcecode.swift; path = ViewController.swift; sourceTree = "<group>"; };
		FC7477D21C84BFBD00758718 /* Base */ = {isa = PBXFileReference; lastKnownFileType = file.storyboard; name = Base; path = Base.lproj/Main.storyboard; sourceTree = "<group>"; };
		FC7477D41C84BFBD00758718 /* Assets.xcassets */ = {isa = PBXFileReference; lastKnownFileType = folder.assetcatalog; path = Assets.xcassets; sourceTree = "<group>"; };
		FC7477D71C84BFBD00758718 /* Base */ = {isa = PBXFileReference; lastKnownFileType = file.storyboard; name = Base; path = Base.lproj/LaunchScreen.storyboard; sourceTree = "<group>"; };
		FC7477D91C84BFBD00758718 /* Info.plist */ = {isa = PBXFileReference; lastKnownFileType = text.plist.xml; path = Info.plist; sourceTree = "<group>"; };
		FC7477DF1C84C27D00758718 /* RoundCorners.swift */ = {isa = PBXFileReference; fileEncoding = 4; lastKnownFileType = sourcecode.swift; path = RoundCorners.swift; sourceTree = "<group>"; };
		FC7477E31C84CA5200758718 /* RoundCornersLabel.swift */ = {isa = PBXFileReference; fileEncoding = 4; lastKnownFileType = sourcecode.swift; path = RoundCornersLabel.swift; sourceTree = "<group>"; };
		FC7477E51C85041600758718 /* AboutVC.swift */ = {isa = PBXFileReference; fileEncoding = 4; lastKnownFileType = sourcecode.swift; path = AboutVC.swift; sourceTree = "<group>"; };
		FC7477E71C859D8600758718 /* PhotosVC.swift */ = {isa = PBXFileReference; fileEncoding = 4; lastKnownFileType = sourcecode.swift; path = PhotosVC.swift; sourceTree = "<group>"; };
/* End PBXFileReference section */

/* Begin PBXFrameworksBuildPhase section */
		FC7477C71C84BFBD00758718 /* Frameworks */ = {
			isa = PBXFrameworksBuildPhase;
			buildActionMask = 2147483647;
			files = (
			);
			runOnlyForDeploymentPostprocessing = 0;
		};
/* End PBXFrameworksBuildPhase section */

/* Begin PBXGroup section */
		FC7477C11C84BFBD00758718 = {
			isa = PBXGroup;
			children = (
				FC7477CC1C84BFBD00758718 /* Happy Valley */,
				FC7477CB1C84BFBD00758718 /* Products */,
			);
			sourceTree = "<group>";
		};
		FC7477CB1C84BFBD00758718 /* Products */ = {
			isa = PBXGroup;
			children = (
				FC7477CA1C84BFBD00758718 /* Happy Valley.app */,
			);
			name = Products;
			sourceTree = "<group>";
		};
		FC7477CC1C84BFBD00758718 /* Happy Valley */ = {
			isa = PBXGroup;
			children = (
				FC7477CD1C84BFBD00758718 /* AppDelegate.swift */,
				FC7477E51C85041600758718 /* AboutVC.swift */,
				FC7477E71C859D8600758718 /* PhotosVC.swift */,
				FC7477CF1C84BFBD00758718 /* ViewController.swift */,
				FC7477D11C84BFBD00758718 /* Main.storyboard */,
				FC7477D41C84BFBD00758718 /* Assets.xcassets */,
				FC7477D61C84BFBD00758718 /* LaunchScreen.storyboard */,
				FC7477D91C84BFBD00758718 /* Info.plist */,
				FC7477DF1C84C27D00758718 /* RoundCorners.swift */,
				FC7477E31C84CA5200758718 /* RoundCornersLabel.swift */,
			);
			path = "Happy Valley";
			sourceTree = "<group>";
		};
/* End PBXGroup section */

/* Begin PBXNativeTarget section */
		FC7477C91C84BFBD00758718 /* Happy Valley */ = {
			isa = PBXNativeTarget;
			buildConfigurationList = FC7477DC1C84BFBD00758718 /* Build configuration list for PBXNativeTarget "Happy Valley" */;
			buildPhases = (
				FC7477C61C84BFBD00758718 /* Sources */,
				FC7477C71C84BFBD00758718 /* Frameworks */,
				FC7477C81C84BFBD00758718 /* Resources */,
			);
			buildRules = (
			);
			dependencies = (
			);
			name = "Happy Valley";
			productName = "Happy Valley";
			productReference = FC7477CA1C84BFBD00758718 /* Happy Valley.app */;
			productType = "com.apple.product-type.application";
		};
/* End PBXNativeTarget section */

/* Begin PBXProject section */
		FC7477C21C84BFBD00758718 /* Project object */ = {
			isa = PBXProject;
			attributes = {
				LastSwiftUpdateCheck = 0730;
				LastUpgradeCheck = 0730;
				ORGANIZATIONNAME = "Caleb Stultz";
				TargetAttributes = {
					FC7477C91C84BFBD00758718 = {
						CreatedOnToolsVersion = 7.3;
						DevelopmentTeam = HLCDLFXF5Y;
					};
				};
			};
			buildConfigurationList = FC7477C51C84BFBD00758718 /* Build configuration list for PBXProject "Happy Valley" */;
			compatibilityVersion = "Xcode 3.2";
			developmentRegion = English;
			hasScannedForEncodings = 0;
			knownRegions = (
				en,
				Base,
			);
			mainGroup = FC7477C11C84BFBD00758718;
			productRefGroup = FC7477CB1C84BFBD00758718 /* Products */;
			projectDirPath = "";
			projectRoot = "";
			targets = (
				FC7477C91C84BFBD00758718 /* Happy Valley */,
			);
		};
/* End PBXProject section */

/* Begin PBXResourcesBuildPhase section */
		FC7477C81C84BFBD00758718 /* Resources */ = {
			isa = PBXResourcesBuildPhase;
			buildActionMask = 2147483647;
			files = (
				FC7477D81C84BFBD00758718 /* LaunchScreen.storyboard in Resources */,
				FC7477D51C84BFBD00758718 /* Assets.xcassets in Resources */,
				FC7477D31C84BFBD00758718 /* Main.storyboard in Resources */,
			);
			runOnlyForDeploymentPostprocessing = 0;
		};
/* End PBXResourcesBuildPhase section */

/* Begin PBXSourcesBuildPhase section */
		FC7477C61C84BFBD00758718 /* Sources */ = {
			isa = PBXSourcesBuildPhase;
			buildActionMask = 2147483647;
			files = (
				FC7477D01C84BFBD00758718 /* ViewController.swift in Sources */,
				FC7477E81C859D8600758718 /* PhotosVC.swift in Sources */,
				FC7477E61C85041600758718 /* AboutVC.swift in Sources */,
				FC7477CE1C84BFBD00758718 /* AppDelegate.swift in Sources */,
				FC7477E41C84CA5200758718 /* RoundCornersLabel.swift in Sources */,
				FC7477E01C84C27D00758718 /* RoundCorners.swift in Sources */,
			);
			runOnlyForDeploymentPostprocessing = 0;
		};
/* End PBXSourcesBuildPhase section */

/* Begin PBXVariantGroup section */
		FC7477D11C84BFBD00758718 /* Main.storyboard */ = {
			isa = PBXVariantGroup;
			children = (
				FC7477D21C84BFBD00758718 /* Base */,
			);
			name = Main.storyboard;
			sourceTree = "<group>";
		};
		FC7477D61C84BFBD00758718 /* LaunchScreen.storyboard */ = {
			isa = PBXVariantGroup;
			children = (
				FC7477D71C84BFBD00758718 /* Base */,
			);
			name = LaunchScreen.storyboard;
			sourceTree = "<group>";
		};
/* End PBXVariantGroup section */

/* Begin XCBuildConfiguration section */
		FC7477DA1C84BFBD00758718 /* Debug */ = {
			isa = XCBuildConfiguration;
			buildSettings = {
				ALWAYS_SEARCH_USER_PATHS = NO;
				CLANG_CXX_LANGUAGE_STANDARD = "gnu++0x";
				CLANG_CXX_LIBRARY = "libc++";
				CLANG_ENABLE_MODULES = YES;
				CLANG_ENABLE_OBJC_ARC = YES;
				CLANG_WARN_BOOL_CONVERSION = YES;
				CLANG_WARN_CONSTANT_CONVERSION = YES;
				CLANG_WARN_DIRECT_OBJC_ISA_USAGE = YES_ERROR;
				CLANG_WARN_EMPTY_BODY = YES;
				CLANG_WARN_ENUM_CONVERSION = YES;
				CLANG_WARN_INT_CONVERSION = YES;
				CLANG_WARN_OBJC_ROOT_CLASS = YES_ERROR;
				CLANG_WARN_UNREACHABLE_CODE = YES;
				CLANG_WARN__DUPLICATE_METHOD_MATCH = YES;
				"CODE_SIGN_IDENTITY[sdk=iphoneos*]" = "iPhone Developer";
				COPY_PHASE_STRIP = NO;
				DEBUG_INFORMATION_FORMAT = dwarf;
				ENABLE_STRICT_OBJC_MSGSEND = YES;
				ENABLE_TESTABILITY = YES;
				GCC_C_LANGUAGE_STANDARD = gnu99;
				GCC_DYNAMIC_NO_PIC = NO;
				GCC_NO_COMMON_BLOCKS = YES;
				GCC_OPTIMIZATION_LEVEL = 0;
				GCC_PREPROCESSOR_DEFINITIONS = (
					"DEBUG=1",
					"$(inherited)",
				);
				GCC_WARN_64_TO_32_BIT_CONVERSION = YES;
				GCC_WARN_ABOUT_RETURN_TYPE = YES_ERROR;
				GCC_WARN_UNDECLARED_SELECTOR = YES;
				GCC_WARN_UNINITIALIZED_AUTOS = YES_AGGRESSIVE;
				GCC_WARN_UNUSED_FUNCTION = YES;
				GCC_WARN_UNUSED_VARIABLE = YES;
				IPHONEOS_DEPLOYMENT_TARGET = 9.3;
				MTL_ENABLE_DEBUG_INFO = YES;
				ONLY_ACTIVE_ARCH = YES;
				SDKROOT = iphoneos;
				SWIFT_OPTIMIZATION_LEVEL = "-Onone";
			};
			name = Debug;
		};
		FC7477DB1C84BFBD00758718 /* Release */ = {
			isa = XCBuildConfiguration;
			buildSettings = {
				ALWAYS_SEARCH_USER_PATHS = NO;
				CLANG_CXX_LANGUAGE_STANDARD = "gnu++0x";
				CLANG_CXX_LIBRARY = "libc++";
				CLANG_ENABLE_MODULES = YES;
				CLANG_ENABLE_OBJC_ARC = YES;
				CLANG_WARN_BOOL_CONVERSION = YES;
				CLANG_WARN_CONSTANT_CONVERSION = YES;
				CLANG_WARN_DIRECT_OBJC_ISA_USAGE = YES_ERROR;
				CLANG_WARN_EMPTY_BODY = YES;
				CLANG_WARN_ENUM_CONVERSION = YES;
				CLANG_WARN_INT_CONVERSION = YES;
				CLANG_WARN_OBJC_ROOT_CLASS = YES_ERROR;
				CLANG_WARN_UNREACHABLE_CODE = YES;
				CLANG_WARN__DUPLICATE_METHOD_MATCH = YES;
				"CODE_SIGN_IDENTITY[sdk=iphoneos*]" = "iPhone Developer";
				COPY_PHASE_STRIP = NO;
				DEBUG_INFORMATION_FORMAT = "dwarf-with-dsym";
				ENABLE_NS_ASSERTIONS = NO;
				ENABLE_STRICT_OBJC_MSGSEND = YES;
				GCC_C_LANGUAGE_STANDARD = gnu99;
				GCC_NO_COMMON_BLOCKS = YES;
				GCC_WARN_64_TO_32_BIT_CONVERSION = YES;
				GCC_WARN_ABOUT_RETURN_TYPE = YES_ERROR;
				GCC_WARN_UNDECLARED_SELECTOR = YES;
				GCC_WARN_UNINITIALIZED_AUTOS = YES_AGGRESSIVE;
				GCC_WARN_UNUSED_FUNCTION = YES;
				GCC_WARN_UNUSED_VARIABLE = YES;
				IPHONEOS_DEPLOYMENT_TARGET = 9.3;
				MTL_ENABLE_DEBUG_INFO = NO;
				SDKROOT = iphoneos;
				VALIDATE_PRODUCT = YES;
			};
			name = Release;
		};
		FC7477DD1C84BFBD00758718 /* Debug */ = {
			isa = XCBuildConfiguration;
			buildSettings = {
				ASSETCATALOG_COMPILER_APPICON_NAME = AppIcon;
				INFOPLIST_FILE = "Happy Valley/Info.plist";
				LD_RUNPATH_SEARCH_PATHS = "$(inherited) @executable_path/Frameworks";
				PRODUCT_BUNDLE_IDENTIFIER = "com.stultz.Happy-Valley";
				PRODUCT_NAME = "$(TARGET_NAME)";
				TARGETED_DEVICE_FAMILY = "1,2";
			};
			name = Debug;
		};
		FC7477DE1C84BFBD00758718 /* Release */ = {
			isa = XCBuildConfiguration;
			buildSettings = {
				ASSETCATALOG_COMPILER_APPICON_NAME = AppIcon;
				INFOPLIST_FILE = "Happy Valley/Info.plist";
				LD_RUNPATH_SEARCH_PATHS = "$(inherited) @executable_path/Frameworks";
				PRODUCT_BUNDLE_IDENTIFIER = "com.stultz.Happy-Valley";
				PRODUCT_NAME = "$(TARGET_NAME)";
				TARGETED_DEVICE_FAMILY = "1,2";
			};
			name = Release;
		};
/* End XCBuildConfiguration section */

/* Begin XCConfigurationList section */
		FC7477C51C84BFBD00758718 /* Build configuration list for PBXProject "Happy Valley" */ = {
			isa = XCConfigurationList;
			buildConfigurations = (
				FC7477DA1C84BFBD00758718 /* Debug */,
				FC7477DB1C84BFBD00758718 /* Release */,
			);
			defaultConfigurationIsVisible = 0;
			defaultConfigurationName = Release;
		};
		FC7477DC1C84BFBD00758718 /* Build configuration list for PBXNativeTarget "Happy Valley" */ = {
			isa = XCConfigurationList;
			buildConfigurations = (
				FC7477DD1C84BFBD00758718 /* Debug */,
				FC7477DE1C84BFBD00758718 /* Release */,
			);
			defaultConfigurationIsVisible = 0;
		};
/* End XCConfigurationList section */
	};
	rootObject = FC7477C21C84BFBD00758718 /* Project object */;
}
